// !$*UTF8*$!
{
	archiveVersion = 1;
	classes = {
	};
	objectVersion = 46;
	objects = {

/* Begin PBXBuildFile section */
		CDB0C5191AD1F20500C4DDA0 /* main.m in Sources */ = {isa = PBXBuildFile; fileRef = CDB0C5181AD1F20500C4DDA0 /* main.m */; };
		CDB0C51C1AD1F20500C4DDA0 /* AppDelegate.m in Sources */ = {isa = PBXBuildFile; fileRef = CDB0C51B1AD1F20500C4DDA0 /* AppDelegate.m */; };
		CDB0C5241AD1F20500C4DDA0 /* Images.xcassets in Resources */ = {isa = PBXBuildFile; fileRef = CDB0C5231AD1F20500C4DDA0 /* Images.xcassets */; };
		CDB0C5271AD1F20500C4DDA0 /* LaunchScreen.xib in Resources */ = {isa = PBXBuildFile; fileRef = CDB0C5251AD1F20500C4DDA0 /* LaunchScreen.xib */; };
		CDB0C53E1AD1F2A500C4DDA0 /* ViewController.m in Sources */ = {isa = PBXBuildFile; fileRef = CDB0C53D1AD1F2A500C4DDA0 /* ViewController.m */; };
		CDB0C5431AD1F30200C4DDA0 /* Main.storyboard in Resources */ = {isa = PBXBuildFile; fileRef = CDB0C5411AD1F30200C4DDA0 /* Main.storyboard */; };
		CDB0C5501AD1F75000C4DDA0 /* Raleway-Bold.ttf in Resources */ = {isa = PBXBuildFile; fileRef = CDB0C5461AD1F75000C4DDA0 /* Raleway-Bold.ttf */; };
		CDB0C5511AD1F75000C4DDA0 /* Raleway-ExtraBold.ttf in Resources */ = {isa = PBXBuildFile; fileRef = CDB0C5471AD1F75000C4DDA0 /* Raleway-ExtraBold.ttf */; };
		CDB0C5521AD1F75000C4DDA0 /* Raleway-ExtraLight.ttf in Resources */ = {isa = PBXBuildFile; fileRef = CDB0C5481AD1F75000C4DDA0 /* Raleway-ExtraLight.ttf */; };
		CDB0C5531AD1F75000C4DDA0 /* Raleway-Heavy.ttf in Resources */ = {isa = PBXBuildFile; fileRef = CDB0C5491AD1F75000C4DDA0 /* Raleway-Heavy.ttf */; };
		CDB0C5541AD1F75000C4DDA0 /* Raleway-Light.ttf in Resources */ = {isa = PBXBuildFile; fileRef = CDB0C54A1AD1F75000C4DDA0 /* Raleway-Light.ttf */; };
		CDB0C5551AD1F75000C4DDA0 /* Raleway-Medium.ttf in Resources */ = {isa = PBXBuildFile; fileRef = CDB0C54B1AD1F75000C4DDA0 /* Raleway-Medium.ttf */; };
		CDB0C5561AD1F75000C4DDA0 /* Raleway-Regular.ttf in Resources */ = {isa = PBXBuildFile; fileRef = CDB0C54C1AD1F75000C4DDA0 /* Raleway-Regular.ttf */; };
		CDB0C5571AD1F75000C4DDA0 /* Raleway-SemiBold.ttf in Resources */ = {isa = PBXBuildFile; fileRef = CDB0C54D1AD1F75000C4DDA0 /* Raleway-SemiBold.ttf */; };
		CDB0C5581AD1F75000C4DDA0 /* Raleway-Thin.ttf in Resources */ = {isa = PBXBuildFile; fileRef = CDB0C54E1AD1F75000C4DDA0 /* Raleway-Thin.ttf */; };
/* End PBXBuildFile section */

/* Begin PBXFileReference section */
		CDB0C5131AD1F20500C4DDA0 /* iOS Font Magic.app */ = {isa = PBXFileReference; explicitFileType = wrapper.application; includeInIndex = 0; path = "iOS Font Magic.app"; sourceTree = BUILT_PRODUCTS_DIR; };
		CDB0C5171AD1F20500C4DDA0 /* Info.plist */ = {isa = PBXFileReference; lastKnownFileType = text.plist.xml; path = Info.plist; sourceTree = "<group>"; };
		CDB0C5181AD1F20500C4DDA0 /* main.m */ = {isa = PBXFileReference; lastKnownFileType = sourcecode.c.objc; path = main.m; sourceTree = "<group>"; };
		CDB0C51A1AD1F20500C4DDA0 /* AppDelegate.h */ = {isa = PBXFileReference; lastKnownFileType = sourcecode.c.h; path = AppDelegate.h; sourceTree = "<group>"; };
		CDB0C51B1AD1F20500C4DDA0 /* AppDelegate.m */ = {isa = PBXFileReference; lastKnownFileType = sourcecode.c.objc; path = AppDelegate.m; sourceTree = "<group>"; };
		CDB0C5231AD1F20500C4DDA0 /* Images.xcassets */ = {isa = PBXFileReference; lastKnownFileType = folder.assetcatalog; path = Images.xcassets; sourceTree = "<group>"; };
		CDB0C5261AD1F20500C4DDA0 /* Base */ = {isa = PBXFileReference; lastKnownFileType = file.xib; name = Base; path = Base.lproj/LaunchScreen.xib; sourceTree = "<group>"; };
		CDB0C53C1AD1F2A500C4DDA0 /* ViewController.h */ = {isa = PBXFileReference; fileEncoding = 4; lastKnownFileType = sourcecode.c.h; path = ViewController.h; sourceTree = "<group>"; };
		CDB0C53D1AD1F2A500C4DDA0 /* ViewController.m */ = {isa = PBXFileReference; fileEncoding = 4; lastKnownFileType = sourcecode.c.objc; path = ViewController.m; sourceTree = "<group>"; };
		CDB0C5421AD1F30200C4DDA0 /* Base */ = {isa = PBXFileReference; lastKnownFileType = file.storyboard; name = Base; path = Base.lproj/Main.storyboard; sourceTree = "<group>"; };
		CDB0C5451AD1F75000C4DDA0 /* OFL.txt */ = {isa = PBXFileReference; fileEncoding = 4; lastKnownFileType = text; path = OFL.txt; sourceTree = "<group>"; };
		CDB0C5461AD1F75000C4DDA0 /* Raleway-Bold.ttf */ = {isa = PBXFileReference; lastKnownFileType = file; path = "Raleway-Bold.ttf"; sourceTree = "<group>"; };
		CDB0C5471AD1F75000C4DDA0 /* Raleway-ExtraBold.ttf */ = {isa = PBXFileReference; lastKnownFileType = file; path = "Raleway-ExtraBold.ttf"; sourceTree = "<group>"; };
		CDB0C5481AD1F75000C4DDA0 /* Raleway-ExtraLight.ttf */ = {isa = PBXFileReference; lastKnownFileType = file; path = "Raleway-ExtraLight.ttf"; sourceTree = "<group>"; };
		CDB0C5491AD1F75000C4DDA0 /* Raleway-Heavy.ttf */ = {isa = PBXFileReference; lastKnownFileType = file; path = "Raleway-Heavy.ttf"; sourceTree = "<group>"; };
		CDB0C54A1AD1F75000C4DDA0 /* Raleway-Light.ttf */ = {isa = PBXFileReference; lastKnownFileType = file; path = "Raleway-Light.ttf"; sourceTree = "<group>"; };
		CDB0C54B1AD1F75000C4DDA0 /* Raleway-Medium.ttf */ = {isa = PBXFileReference; lastKnownFileType = file; path = "Raleway-Medium.ttf"; sourceTree = "<group>"; };
		CDB0C54C1AD1F75000C4DDA0 /* Raleway-Regular.ttf */ = {isa = PBXFileReference; lastKnownFileType = file; path = "Raleway-Regular.ttf"; sourceTree = "<group>"; };
		CDB0C54D1AD1F75000C4DDA0 /* Raleway-SemiBold.ttf */ = {isa = PBXFileReference; lastKnownFileType = file; path = "Raleway-SemiBold.ttf"; sourceTree = "<group>"; };
		CDB0C54E1AD1F75000C4DDA0 /* Raleway-Thin.ttf */ = {isa = PBXFileReference; lastKnownFileType = file; path = "Raleway-Thin.ttf"; sourceTree = "<group>"; };
/* End PBXFileReference section */

/* Begin PBXFrameworksBuildPhase section */
		CDB0C5101AD1F20500C4DDA0 /* Frameworks */ = {
			isa = PBXFrameworksBuildPhase;
			buildActionMask = 2147483647;
			files = (
			);
			runOnlyForDeploymentPostprocessing = 0;
		};
/* End PBXFrameworksBuildPhase section */

/* Begin PBXGroup section */
		CDB0C50A1AD1F20500C4DDA0 = {
			isa = PBXGroup;
			children = (
				CDB0C5151AD1F20500C4DDA0 /* iOS Font Magic */,
				CDB0C5141AD1F20500C4DDA0 /* Products */,
			);
			sourceTree = "<group>";
		};
		CDB0C5141AD1F20500C4DDA0 /* Products */ = {
			isa = PBXGroup;
			children = (
				CDB0C5131AD1F20500C4DDA0 /* iOS Font Magic.app */,
			);
			name = Products;
			sourceTree = "<group>";
		};
		CDB0C5151AD1F20500C4DDA0 /* iOS Font Magic */ = {
			isa = PBXGroup;
			children = (
				CDB0C51A1AD1F20500C4DDA0 /* AppDelegate.h */,
				CDB0C51B1AD1F20500C4DDA0 /* AppDelegate.m */,
				CDB0C53C1AD1F2A500C4DDA0 /* ViewController.h */,
				CDB0C53D1AD1F2A500C4DDA0 /* ViewController.m */,
				CDB0C5411AD1F30200C4DDA0 /* Main.storyboard */,
				CDB0C5231AD1F20500C4DDA0 /* Images.xcassets */,
				CDB0C5251AD1F20500C4DDA0 /* LaunchScreen.xib */,
				CDB0C5161AD1F20500C4DDA0 /* Supporting Files */,
			);
			path = "iOS Font Magic";
			sourceTree = "<group>";
		};
		CDB0C5161AD1F20500C4DDA0 /* Supporting Files */ = {
			isa = PBXGroup;
			children = (
				CDB0C5441AD1F75000C4DDA0 /* Raleway */,
				CDB0C5171AD1F20500C4DDA0 /* Info.plist */,
				CDB0C5181AD1F20500C4DDA0 /* main.m */,
			);
			name = "Supporting Files";
			sourceTree = "<group>";
		};
		CDB0C5441AD1F75000C4DDA0 /* Raleway */ = {
			isa = PBXGroup;
			children = (
				CDB0C5451AD1F75000C4DDA0 /* OFL.txt */,
				CDB0C5461AD1F75000C4DDA0 /* Raleway-Bold.ttf */,
				CDB0C5471AD1F75000C4DDA0 /* Raleway-ExtraBold.ttf */,
				CDB0C5481AD1F75000C4DDA0 /* Raleway-ExtraLight.ttf */,
				CDB0C5491AD1F75000C4DDA0 /* Raleway-Heavy.ttf */,
				CDB0C54A1AD1F75000C4DDA0 /* Raleway-Light.ttf */,
				CDB0C54B1AD1F75000C4DDA0 /* Raleway-Medium.ttf */,
				CDB0C54C1AD1F75000C4DDA0 /* Raleway-Regular.ttf */,
				CDB0C54D1AD1F75000C4DDA0 /* Raleway-SemiBold.ttf */,
				CDB0C54E1AD1F75000C4DDA0 /* Raleway-Thin.ttf */,
			);
			path = Raleway;
			sourceTree = "<group>";
		};
/* End PBXGroup section */

/* Begin PBXNativeTarget section */
		CDB0C5121AD1F20500C4DDA0 /* iOS Font Magic */ = {
			isa = PBXNativeTarget;
			buildConfigurationList = CDB0C5361AD1F20500C4DDA0 /* Build configuration list for PBXNativeTarget "iOS Font Magic" */;
			buildPhases = (
				CDB0C50F1AD1F20500C4DDA0 /* Sources */,
				CDB0C5101AD1F20500C4DDA0 /* Frameworks */,
				CDB0C5111AD1F20500C4DDA0 /* Resources */,
			);
			buildRules = (
			);
			dependencies = (
			);
			name = "iOS Font Magic";
			productName = "iOS Font Magic";
			productReference = CDB0C5131AD1F20500C4DDA0 /* iOS Font Magic.app */;
			productType = "com.apple.product-type.application";
		};
/* End PBXNativeTarget section */

/* Begin PBXProject section */
		CDB0C50B1AD1F20500C4DDA0 /* Project object */ = {
			isa = PBXProject;
			attributes = {
				LastUpgradeCheck = 0620;
				ORGANIZATIONNAME = "Zev Eisenberg";
				TargetAttributes = {
					CDB0C5121AD1F20500C4DDA0 = {
						CreatedOnToolsVersion = 6.2;
					};
				};
			};
			buildConfigurationList = CDB0C50E1AD1F20500C4DDA0 /* Build configuration list for PBXProject "iOS Font Magic" */;
			compatibilityVersion = "Xcode 3.2";
			developmentRegion = English;
			hasScannedForEncodings = 0;
			knownRegions = (
				en,
				Base,
			);
			mainGroup = CDB0C50A1AD1F20500C4DDA0;
			productRefGroup = CDB0C5141AD1F20500C4DDA0 /* Products */;
			projectDirPath = "";
			projectRoot = "";
			targets = (
				CDB0C5121AD1F20500C4DDA0 /* iOS Font Magic */,
			);
		};
/* End PBXProject section */

/* Begin PBXResourcesBuildPhase section */
		CDB0C5111AD1F20500C4DDA0 /* Resources */ = {
			isa = PBXResourcesBuildPhase;
			buildActionMask = 2147483647;
			files = (
				CDB0C5511AD1F75000C4DDA0 /* Raleway-ExtraBold.ttf in Resources */,
				CDB0C5271AD1F20500C4DDA0 /* LaunchScreen.xib in Resources */,
				CDB0C5241AD1F20500C4DDA0 /* Images.xcassets in Resources */,
				CDB0C5531AD1F75000C4DDA0 /* Raleway-Heavy.ttf in Resources */,
				CDB0C5501AD1F75000C4DDA0 /* Raleway-Bold.ttf in Resources */,
				CDB0C5541AD1F75000C4DDA0 /* Raleway-Light.ttf in Resources */,
				CDB0C5551AD1F75000C4DDA0 /* Raleway-Medium.ttf in Resources */,
				CDB0C5521AD1F75000C4DDA0 /* Raleway-ExtraLight.ttf in Resources */,
				CDB0C5581AD1F75000C4DDA0 /* Raleway-Thin.ttf in Resources */,
				CDB0C5571AD1F75000C4DDA0 /* Raleway-SemiBold.ttf in Resources */,
				CDB0C5561AD1F75000C4DDA0 /* Raleway-Regular.ttf in Resources */,
				CDB0C5431AD1F30200C4DDA0 /* Main.storyboard in Resources */,
			);
			runOnlyForDeploymentPostprocessing = 0;
		};
/* End PBXResourcesBuildPhase section */

/* Begin PBXSourcesBuildPhase section */
		CDB0C50F1AD1F20500C4DDA0 /* Sources */ = {
			isa = PBXSourcesBuildPhase;
			buildActionMask = 2147483647;
			files = (
				CDB0C51C1AD1F20500C4DDA0 /* AppDelegate.m in Sources */,
				CDB0C53E1AD1F2A500C4DDA0 /* ViewController.m in Sources */,
				CDB0C5191AD1F20500C4DDA0 /* main.m in Sources */,
			);
			runOnlyForDeploymentPostprocessing = 0;
		};
/* End PBXSourcesBuildPhase section */

/* Begin PBXVariantGroup section */
		CDB0C5251AD1F20500C4DDA0 /* LaunchScreen.xib */ = {
			isa = PBXVariantGroup;
			children = (
				CDB0C5261AD1F20500C4DDA0 /* Base */,
			);
			name = LaunchScreen.xib;
			sourceTree = "<group>";
		};
		CDB0C5411AD1F30200C4DDA0 /* Main.storyboard */ = {
			isa = PBXVariantGroup;
			children = (
				CDB0C5421AD1F30200C4DDA0 /* Base */,
			);
			name = Main.storyboard;
			sourceTree = "<group>";
		};
/* End PBXVariantGroup section */

/* Begin XCBuildConfiguration section */
		CDB0C5341AD1F20500C4DDA0 /* Debug */ = {
			isa = XCBuildConfiguration;
			buildSettings = {
				ALWAYS_SEARCH_USER_PATHS = NO;
				CLANG_CXX_LANGUAGE_STANDARD = "gnu++0x";
				CLANG_CXX_LIBRARY = "libc++";
				CLANG_ENABLE_MODULES = YES;
				CLANG_ENABLE_OBJC_ARC = YES;
				CLANG_WARN_BOOL_CONVERSION = YES;
				CLANG_WARN_CONSTANT_CONVERSION = YES;
				CLANG_WARN_DIRECT_OBJC_ISA_USAGE = YES_ERROR;
				CLANG_WARN_EMPTY_BODY = YES;
				CLANG_WARN_ENUM_CONVERSION = YES;
				CLANG_WARN_INT_CONVERSION = YES;
				CLANG_WARN_OBJC_ROOT_CLASS = YES_ERROR;
				CLANG_WARN_UNREACHABLE_CODE = YES;
				CLANG_WARN__DUPLICATE_METHOD_MATCH = YES;
				"CODE_SIGN_IDENTITY[sdk=iphoneos*]" = "iPhone Developer";
				COPY_PHASE_STRIP = NO;
				ENABLE_STRICT_OBJC_MSGSEND = YES;
				GCC_C_LANGUAGE_STANDARD = gnu99;
				GCC_DYNAMIC_NO_PIC = NO;
				GCC_OPTIMIZATION_LEVEL = 0;
				GCC_PREPROCESSOR_DEFINITIONS = (
					"DEBUG=1",
					"$(inherited)",
				);
				GCC_SYMBOLS_PRIVATE_EXTERN = NO;
				GCC_WARN_64_TO_32_BIT_CONVERSION = YES;
				GCC_WARN_ABOUT_RETURN_TYPE = YES_ERROR;
				GCC_WARN_UNDECLARED_SELECTOR = YES;
				GCC_WARN_UNINITIALIZED_AUTOS = YES_AGGRESSIVE;
				GCC_WARN_UNUSED_FUNCTION = YES;
				GCC_WARN_UNUSED_VARIABLE = YES;
				IPHONEOS_DEPLOYMENT_TARGET = 8.2;
				MTL_ENABLE_DEBUG_INFO = YES;
				ONLY_ACTIVE_ARCH = YES;
				SDKROOT = iphoneos;
				TARGETED_DEVICE_FAMILY = "1,2";
				WARNING_CFLAGS = (
					"-Weverything",
					"-Wno-objc-missing-property-synthesis",
					"-Wno-objc-property-synthesis",
					"-Wno-direct-ivar-access",
					"-Wno-assign-enum",
					"-Wno-float-equal",
					"-Wno-sign-compare",
					"-Wno-switch-enum",
					"-Wno-gnu",
					"-Wnewline-eof",
				);
			};
			name = Debug;
		};
		CDB0C5351AD1F20500C4DDA0 /* Release */ = {
			isa = XCBuildConfiguration;
			buildSettings = {
				ALWAYS_SEARCH_USER_PATHS = NO;
				CLANG_CXX_LANGUAGE_STANDARD = "gnu++0x";
				CLANG_CXX_LIBRARY = "libc++";
				CLANG_ENABLE_MODULES = YES;
				CLANG_ENABLE_OBJC_ARC = YES;
				CLANG_WARN_BOOL_CONVERSION = YES;
				CLANG_WARN_CONSTANT_CONVERSION = YES;
				CLANG_WARN_DIRECT_OBJC_ISA_USAGE = YES_ERROR;
				CLANG_WARN_EMPTY_BODY = YES;
				CLANG_WARN_ENUM_CONVERSION = YES;
				CLANG_WARN_INT_CONVERSION = YES;
				CLANG_WARN_OBJC_ROOT_CLASS = YES_ERROR;
				CLANG_WARN_UNREACHABLE_CODE = YES;
				CLANG_WARN__DUPLICATE_METHOD_MATCH = YES;
				"CODE_SIGN_IDENTITY[sdk=iphoneos*]" = "iPhone Developer";
				COPY_PHASE_STRIP = NO;
				ENABLE_NS_ASSERTIONS = NO;
				ENABLE_STRICT_OBJC_MSGSEND = YES;
				GCC_C_LANGUAGE_STANDARD = gnu99;
				GCC_WARN_64_TO_32_BIT_CONVERSION = YES;
				GCC_WARN_ABOUT_RETURN_TYPE = YES_ERROR;
				GCC_WARN_UNDECLARED_SELECTOR = YES;
				GCC_WARN_UNINITIALIZED_AUTOS = YES_AGGRESSIVE;
				GCC_WARN_UNUSED_FUNCTION = YES;
				GCC_WARN_UNUSED_VARIABLE = YES;
				IPHONEOS_DEPLOYMENT_TARGET = 8.2;
				MTL_ENABLE_DEBUG_INFO = NO;
				SDKROOT = iphoneos;
				TARGETED_DEVICE_FAMILY = "1,2";
				VALIDATE_PRODUCT = YES;
				WARNING_CFLAGS = (
					"-Weverything",
					"-Wno-objc-missing-property-synthesis",
					"-Wno-objc-property-synthesis",
					"-Wno-direct-ivar-access",
					"-Wno-assign-enum",
					"-Wno-float-equal",
					"-Wno-sign-compare",
					"-Wno-switch-enum",
					"-Wno-gnu",
					"-Wnewline-eof",
				);
			};
			name = Release;
		};
		CDB0C5371AD1F20500C4DDA0 /* Debug */ = {
			isa = XCBuildConfiguration;
			buildSettings = {
				ASSETCATALOG_COMPILER_APPICON_NAME = AppIcon;
				INFOPLIST_FILE = "iOS Font Magic/Info.plist";
				LD_RUNPATH_SEARCH_PATHS = "$(inherited) @executable_path/Frameworks";
				PRODUCT_NAME = "$(TARGET_NAME)";
			};
			name = Debug;
		};
		CDB0C5381AD1F20500C4DDA0 /* Release */ = {
			isa = XCBuildConfiguration;
			buildSettings = {
				ASSETCATALOG_COMPILER_APPICON_NAME = AppIcon;
				INFOPLIST_FILE = "iOS Font Magic/Info.plist";
				LD_RUNPATH_SEARCH_PATHS = "$(inherited) @executable_path/Frameworks";
				PRODUCT_NAME = "$(TARGET_NAME)";
			};
			name = Release;
		};
/* End XCBuildConfiguration section */

/* Begin XCConfigurationList section */
		CDB0C50E1AD1F20500C4DDA0 /* Build configuration list for PBXProject "iOS Font Magic" */ = {
			isa = XCConfigurationList;
			buildConfigurations = (
				CDB0C5341AD1F20500C4DDA0 /* Debug */,
				CDB0C5351AD1F20500C4DDA0 /* Release */,
			);
			defaultConfigurationIsVisible = 0;
			defaultConfigurationName = Release;
		};
		CDB0C5361AD1F20500C4DDA0 /* Build configuration list for PBXNativeTarget "iOS Font Magic" */ = {
			isa = XCConfigurationList;
			buildConfigurations = (
				CDB0C5371AD1F20500C4DDA0 /* Debug */,
				CDB0C5381AD1F20500C4DDA0 /* Release */,
			);
			defaultConfigurationIsVisible = 0;
			defaultConfigurationName = Release;
		};
/* End XCConfigurationList section */
	};
	rootObject = CDB0C50B1AD1F20500C4DDA0 /* Project object */;
}
